
Microsoft Visual Studio Solution File, Format Version 12.00
# Visual Studio Version 16
VisualStudioVersion = 16.0.29424.173
MinimumVisualStudioVersion = 10.0.40219.1
Project("{FAE04EC0-301F-11D3-BF4B-00C04F79EFBC}") = "IAmBall", "IAmBall.csproj", "{E591A086-D7C1-414D-AF90-DF9868C44D2A}"
EndProject
Global
	GlobalSection(SolutionConfigurationPlatforms) = preSolution
		Debug|Any CPU = Debug|Any CPU
		Release|Any CPU = Release|Any CPU
	EndGlobalSection
	GlobalSection(ProjectConfigurationPlatforms) = postSolution
		{E591A086-D7C1-414D-AF90-DF9868C44D2A}.Debug|Any CPU.ActiveCfg = Debug|Any CPU
		{E591A086-D7C1-414D-AF90-DF9868C44D2A}.Debug|Any CPU.Build.0 = Debug|Any CPU
		{E591A086-D7C1-414D-AF90-DF9868C44D2A}.Release|Any CPU.ActiveCfg = Release|Any CPU
		{E591A086-D7C1-414D-AF90-DF9868C44D2A}.Release|Any CPU.Build.0 = Release|Any CPU
	EndGlobalSection
	GlobalSection(SolutionProperties) = preSolution
		HideSolutionNode = FALSE
	EndGlobalSection
	GlobalSection(ExtensibilityGlobals) = postSolution
		SolutionGuid = {9B654A69-200C-4499-8706-96CA923017A4}
	EndGlobalSection
EndGlobal
